
Microsoft Visual Studio Solution File, Format Version 12.00
# Visual Studio Version 16
VisualStudioVersion = 16.0.30413.136
MinimumVisualStudioVersion = 10.0.40219.1
Project("{FAE04EC0-301F-11D3-BF4B-00C04F79EFBC}") = "Pr01", "Pr01\Pr01.csproj", "{7E575279-047C-4463-9DC2-5ED9CDA1A138}"
EndProject
Global
	GlobalSection(SolutionConfigurationPlatforms) = preSolution
		Debug|Any CPU = Debug|Any CPU
		Release|Any CPU = Release|Any CPU
	EndGlobalSection
	GlobalSection(ProjectConfigurationPlatforms) = postSolution
		{7E575279-047C-4463-9DC2-5ED9CDA1A138}.Debug|Any CPU.ActiveCfg = Debug|Any CPU
		{7E575279-047C-4463-9DC2-5ED9CDA1A138}.Debug|Any CPU.Build.0 = Debug|Any CPU
		{7E575279-047C-4463-9DC2-5ED9CDA1A138}.Release|Any CPU.ActiveCfg = Release|Any CPU
		{7E575279-047C-4463-9DC2-5ED9CDA1A138}.Release|Any CPU.Build.0 = Release|Any CPU
	EndGlobalSection
	GlobalSection(SolutionProperties) = preSolution
		HideSolutionNode = FALSE
	EndGlobalSection
	GlobalSection(ExtensibilityGlobals) = postSolution
		SolutionGuid = {70B6E7EF-9E14-4956-AED8-A93591EBF324}
	EndGlobalSection
EndGlobal
